
Microsoft Visual Studio Solution File, Format Version 12.00
# Visual Studio Version 17
VisualStudioVersion = 17.1.32210.238
MinimumVisualStudioVersion = 10.0.40219.1
Project("{9A19103F-16F7-4668-BE54-9A1E7A4F7556}") = "Dashboard", "WinFormsApp1\Dashboard.csproj", "{63F4BDF8-F381-49AC-96B6-2E8C7A48EDBD}"
EndProject
Global
	GlobalSection(SolutionConfigurationPlatforms) = preSolution
		Debug|Any CPU = Debug|Any CPU
		Release|Any CPU = Release|Any CPU
	EndGlobalSection
	GlobalSection(ProjectConfigurationPlatforms) = postSolution
		{63F4BDF8-F381-49AC-96B6-2E8C7A48EDBD}.Debug|Any CPU.ActiveCfg = Debug|Any CPU
		{63F4BDF8-F381-49AC-96B6-2E8C7A48EDBD}.Debug|Any CPU.Build.0 = Debug|Any CPU
		{63F4BDF8-F381-49AC-96B6-2E8C7A48EDBD}.Release|Any CPU.ActiveCfg = Release|Any CPU
		{63F4BDF8-F381-49AC-96B6-2E8C7A48EDBD}.Release|Any CPU.Build.0 = Release|Any CPU
	EndGlobalSection
	GlobalSection(SolutionProperties) = preSolution
		HideSolutionNode = FALSE
	EndGlobalSection
	GlobalSection(ExtensibilityGlobals) = postSolution
		SolutionGuid = {57000741-0512-4D52-B85E-25CAB2E10014}
	EndGlobalSection
EndGlobal
